
Microsoft Visual Studio Solution File, Format Version 12.00
# Visual Studio Version 17
VisualStudioVersion = 17.5.33516.290
MinimumVisualStudioVersion = 10.0.40219.1
Project("{FAE04EC0-301F-11D3-BF4B-00C04F79EFBC}") = "SocialMediaLinks", "SocialMediaLinks.csproj", "{CED901A8-2060-41F6-B47F-C0DEC6F1FF8E}"
EndProject
Global
	GlobalSection(SolutionConfigurationPlatforms) = preSolution
		Debug|Any CPU = Debug|Any CPU
		Release|Any CPU = Release|Any CPU
	EndGlobalSection
	GlobalSection(ProjectConfigurationPlatforms) = postSolution
		{CED901A8-2060-41F6-B47F-C0DEC6F1FF8E}.Debug|Any CPU.ActiveCfg = Debug|Any CPU
		{CED901A8-2060-41F6-B47F-C0DEC6F1FF8E}.Debug|Any CPU.Build.0 = Debug|Any CPU
		{CED901A8-2060-41F6-B47F-C0DEC6F1FF8E}.Release|Any CPU.ActiveCfg = Release|Any CPU
		{CED901A8-2060-41F6-B47F-C0DEC6F1FF8E}.Release|Any CPU.Build.0 = Release|Any CPU
	EndGlobalSection
	GlobalSection(SolutionProperties) = preSolution
		HideSolutionNode = FALSE
	EndGlobalSection
	GlobalSection(ExtensibilityGlobals) = postSolution
		SolutionGuid = {C8718B78-0D14-4034-83B6-23E5A8FE3C3B}
	EndGlobalSection
EndGlobal
